<?xml version="1.0" encoding="utf-8"?>
<Project ToolsVersion="4.0" xmlns="http://schemas.microsoft.com/developer/msbuild/2003">
  <ItemGroup>
    <ClCompile Include="Main.cpp" />
    <ClCompile Include="MainGame.cpp" />
    <ClCompile Include="stdafx.cpp" />
    <ClCompile Include="Materials\ColorMaterial.cpp" />
    <ClCompile Include="Prefabs\SpherePrefab.cpp" />
    <ClCompile Include="Prefabs\TorusPrefab.cpp" />
    <ClCompile Include="Prefabs\CubePrefab.cpp" />
    <ClCompile Include="Materials\DiffuseMaterial.cpp" />
    <ClCompile Include="Materials\UberMaterial.cpp" />
    <ClCompile Include="Materials\SkullUberMaterial.cpp" />
    <ClCompile Include="Materials\BricksUberMaterial.cpp" />
    <ClCompile Include="Materials\SpikyMaterial.cpp" />
    <ClCompile Include="Prefabs\BoneObject.cpp" />
    <ClCompile Include="Materials\DiffuseMaterial_Skinned.cpp" />
    <ClCompile Include="Prefabs\Character.cpp" />
    <ClCompile Include="Materials\Shadow\DiffuseMaterial_Shadow.cpp" />
    <ClCompile Include="Materials\Shadow\DiffuseMaterial_Shadow_Skinned.cpp" />
    <ClCompile Include="Materials\Post\PostGrayscale.cpp" />
    <ClCompile Include="Materials\Post\PostBlur.cpp" />
    <ClCompile Include="Scenes\Game\MainGameScene.cpp" />
    <ClCompile Include="Prefabs\GamePrefab\GameMaterialManager.cpp" />
    <ClCompile Include="Prefabs\GamePrefab\TestClass.cpp" />
    <ClCompile Include="Prefabs\GamePrefab\GrassChunk.cpp" />
    <ClCompile Include="Prefabs\GamePrefab\ChunkManager.cpp" />
    <ClCompile Include="Prefabs\GamePrefab\PlayerChicken.cpp" />
    <ClCompile Include="Prefabs\GamePrefab\GameCamera.cpp" />
    <ClCompile Include="Prefabs\GamePrefab\Obstacle.cpp" />
    <ClCompile Include="Prefabs\GamePrefab\RiverChunk.cpp" />
    <ClCompile Include="Prefabs\GamePrefab\Lilypad.cpp" />
    <ClCompile Include="Prefabs\GamePrefab\RoadChunk.cpp" />
    <ClCompile Include="Prefabs\GamePrefab\GrassShaderEffect.cpp" />
    <ClCompile Include="Materials\Post\PostCellShading.cpp" />
    <ClCompile Include="Materials\Post\PostOutline.cpp" />
    <ClCompile Include="Prefabs\GamePrefab\Car.cpp" />
    <ClCompile Include="Prefabs\GamePrefab\RailChunk.cpp" />
    <ClCompile Include="Prefabs\GamePrefab\LightTrain.cpp" />
    <ClCompile Include="Prefabs\GamePrefab\Train.cpp" />
    <ClCompile Include="Prefabs\GamePrefab\RoadStripesShader.cpp" />
    <ClCompile Include="Prefabs\GamePrefab\Menu\InGameMenu.cpp" />
    <ClCompile Include="Prefabs\GamePrefab\Menu\MenuButton.cpp" />
    <ClCompile Include="Prefabs\GamePrefab\Menu\MainMenu.cpp" />
    <ClCompile Include="Prefabs\GamePrefab\Menu\ControlsKeyboard.cpp" />
  </ItemGroup>
  <ItemGroup>
    <ClInclude Include="MainGame.h" />
    <ClInclude Include="stdafx.h" />
    <ClInclude Include="Materials\ColorMaterial.h" />
    <ClInclude Include="Prefabs\SpherePrefab.h" />
    <ClInclude Include="Prefabs\TorusPrefab.h" />
    <ClInclude Include="Prefabs\CubePrefab.h" />
    <ClInclude Include="Materials\DiffuseMaterial.h" />
    <ClInclude Include="Materials\UberMaterial.h" />
    <ClInclude Include="Materials\SkullUberMaterial.h" />
    <ClInclude Include="Materials\BricksUberMaterial.h" />
    <ClInclude Include="Materials\SpikyMaterial.h" />
    <ClInclude Include="Prefabs\BoneObject.h" />
    <ClInclude Include="Materials\DiffuseMaterial_Skinned.h" />
    <ClInclude Include="Prefabs\Character.h" />
    <ClInclude Include="Materials\Shadow\DiffuseMaterial_Shadow.h" />
    <ClInclude Include="Materials\Shadow\DiffuseMaterial_Shadow_Skinned.h" />
    <ClInclude Include="Materials\Post\PostGrayscale.h" />
    <ClInclude Include="Materials\Post\PostBlur.h" />
    <ClInclude Include="Scenes\Game\MainGameScene.h" />
    <ClInclude Include="Prefabs\GamePrefab\GameMaterialManager.h" />
    <ClInclude Include="Prefabs\GamePrefab\TestClass.h" />
    <ClInclude Include="Prefabs\GamePrefab\GrassChunk.h" />
    <ClInclude Include="Prefabs\GamePrefab\ChunkManager.h" />
    <ClInclude Include="Prefabs\GamePrefab\PlayerChicken.h" />
    <ClInclude Include="Prefabs\GamePrefab\GameCamera.h" />
    <ClInclude Include="Prefabs\GamePrefab\Obstacle.h" />
    <ClInclude Include="Prefabs\GamePrefab\RiverChunk.h" />
    <ClInclude Include="Prefabs\GamePrefab\Lilypad.h" />
    <ClInclude Include="Prefabs\GamePrefab\RoadChunk.h" />
    <ClInclude Include="Prefabs\GamePrefab\GrassShaderEffect.h" />
    <ClInclude Include="Materials\Post\PostCellShading.h" />
    <ClInclude Include="Materials\Post\PostOutline.h" />
    <ClInclude Include="Prefabs\GamePrefab\Car.h" />
    <ClInclude Include="Prefabs\GamePrefab\RailChunk.h" />
    <ClInclude Include="Prefabs\GamePrefab\LightTrain.h" />
    <ClInclude Include="Prefabs\GamePrefab\Train.h" />
    <ClInclude Include="Prefabs\GamePrefab\RoadStripesShader.h" />
    <ClInclude Include="Prefabs\GamePrefab\Menu\InGameMenu.h" />
    <ClInclude Include="Prefabs\GamePrefab\Menu\MenuButton.h" />
    <ClInclude Include="Prefabs\GamePrefab\Menu\MainMenu.h" />
    <ClInclude Include="Prefabs\GamePrefab\Menu\ControlsKeyboard.h" />
  </ItemGroup>
</Project>